
Microsoft Visual Studio Solution File, Format Version 12.00
# Visual Studio 15
VisualStudioVersion = 15.0.27004.2005
MinimumVisualStudioVersion = 10.0.40219.1
Project("{FAE04EC0-301F-11D3-BF4B-00C04F79EFBC}") = "DemoApp.Android", "DemoApp\DemoApp.Android\DemoApp.Android.csproj", "{9C79D672-71BE-4252-A6BD-36577613218F}"
EndProject
Project("{FAE04EC0-301F-11D3-BF4B-00C04F79EFBC}") = "DemoApp", "DemoApp\DemoApp\DemoApp.csproj", "{91CCDCEE-A59A-4E3F-B95F-3C167DE40427}"
EndProject
Project("{FAE04EC0-301F-11D3-BF4B-00C04F79EFBC}") = "DemoApp.UWP", "DemoApp\DemoApp.UWP\DemoApp.UWP.csproj", "{6784052F-B32E-4EAC-BA59-25FECD74BBB3}"
EndProject
Project("{FAE04EC0-301F-11D3-BF4B-00C04F79EFBC}") = "DemoApp.iOS", "DemoApp\DemoApp.iOS\DemoApp.iOS.csproj", "{47728201-A6C0-4871-BCEB-32F6BBA1D2DC}"
EndProject
Global
	GlobalSection(SolutionConfigurationPlatforms) = preSolution
		Ad-Hoc|Any CPU = Ad-Hoc|Any CPU
		Ad-Hoc|ARM = Ad-Hoc|ARM
		Ad-Hoc|iPhone = Ad-Hoc|iPhone
		Ad-Hoc|iPhoneSimulator = Ad-Hoc|iPhoneSimulator
		Ad-Hoc|x64 = Ad-Hoc|x64
		Ad-Hoc|x86 = Ad-Hoc|x86
		AppStore|Any CPU = AppStore|Any CPU
		AppStore|ARM = AppStore|ARM
		AppStore|iPhone = AppStore|iPhone
		AppStore|iPhoneSimulator = AppStore|iPhoneSimulator
		AppStore|x64 = AppStore|x64
		AppStore|x86 = AppStore|x86
		Debug|Any CPU = Debug|Any CPU
		Debug|ARM = Debug|ARM
		Debug|iPhone = Debug|iPhone
		Debug|iPhoneSimulator = Debug|iPhoneSimulator
		Debug|x64 = Debug|x64
		Debug|x86 = Debug|x86
		Release|Any CPU = Release|Any CPU
		Release|ARM = Release|ARM
		Release|iPhone = Release|iPhone
		Release|iPhoneSimulator = Release|iPhoneSimulator
		Release|x64 = Release|x64
		Release|x86 = Release|x86
	EndGlobalSection
	GlobalSection(ProjectConfigurationPlatforms) = postSolution
		{9C79D672-71BE-4252-A6BD-36577613218F}.Ad-Hoc|Any CPU.ActiveCfg = Release|Any CPU
		{9C79D672-71BE-4252-A6BD-36577613218F}.Ad-Hoc|Any CPU.Build.0 = Release|Any CPU
		{9C79D672-71BE-4252-A6BD-36577613218F}.Ad-Hoc|Any CPU.Deploy.0 = Release|Any CPU
		{9C79D672-71BE-4252-A6BD-36577613218F}.Ad-Hoc|ARM.ActiveCfg = Release|Any CPU
		{9C79D672-71BE-4252-A6BD-36577613218F}.Ad-Hoc|ARM.Build.0 = Release|Any CPU
		{9C79D672-71BE-4252-A6BD-36577613218F}.Ad-Hoc|ARM.Deploy.0 = Release|Any CPU
		{9C79D672-71BE-4252-A6BD-36577613218F}.Ad-Hoc|iPhone.ActiveCfg = Release|Any CPU
		{9C79D672-71BE-4252-A6BD-36577613218F}.Ad-Hoc|iPhone.Build.0 = Release|Any CPU
		{9C79D672-71BE-4252-A6BD-36577613218F}.Ad-Hoc|iPhone.Deploy.0 = Release|Any CPU
		{9C79D672-71BE-4252-A6BD-36577613218F}.Ad-Hoc|iPhoneSimulator.ActiveCfg = Release|Any CPU
		{9C79D672-71BE-4252-A6BD-36577613218F}.Ad-Hoc|iPhoneSimulator.Build.0 = Release|Any CPU
		{9C79D672-71BE-4252-A6BD-36577613218F}.Ad-Hoc|iPhoneSimulator.Deploy.0 = Release|Any CPU
		{9C79D672-71BE-4252-A6BD-36577613218F}.Ad-Hoc|x64.ActiveCfg = Release|Any CPU
		{9C79D672-71BE-4252-A6BD-36577613218F}.Ad-Hoc|x64.Build.0 = Release|Any CPU
		{9C79D672-71BE-4252-A6BD-36577613218F}.Ad-Hoc|x64.Deploy.0 = Release|Any CPU
		{9C79D672-71BE-4252-A6BD-36577613218F}.Ad-Hoc|x86.ActiveCfg = Release|Any CPU
		{9C79D672-71BE-4252-A6BD-36577613218F}.Ad-Hoc|x86.Build.0 = Release|Any CPU
		{9C79D672-71BE-4252-A6BD-36577613218F}.Ad-Hoc|x86.Deploy.0 = Release|Any CPU
		{9C79D672-71BE-4252-A6BD-36577613218F}.AppStore|Any CPU.ActiveCfg = Release|Any CPU
		{9C79D672-71BE-4252-A6BD-36577613218F}.AppStore|Any CPU.Build.0 = Release|Any CPU
		{9C79D672-71BE-4252-A6BD-36577613218F}.AppStore|Any CPU.Deploy.0 = Release|Any CPU
		{9C79D672-71BE-4252-A6BD-36577613218F}.AppStore|ARM.ActiveCfg = Release|Any CPU
		{9C79D672-71BE-4252-A6BD-36577613218F}.AppStore|ARM.Build.0 = Release|Any CPU
		{9C79D672-71BE-4252-A6BD-36577613218F}.AppStore|ARM.Deploy.0 = Release|Any CPU
		{9C79D672-71BE-4252-A6BD-36577613218F}.AppStore|iPhone.ActiveCfg = Release|Any CPU
		{9C79D672-71BE-4252-A6BD-36577613218F}.AppStore|iPhone.Build.0 = Release|Any CPU
		{9C79D672-71BE-4252-A6BD-36577613218F}.AppStore|iPhone.Deploy.0 = Release|Any CPU
		{9C79D672-71BE-4252-A6BD-36577613218F}.AppStore|iPhoneSimulator.ActiveCfg = Release|Any CPU
		{9C79D672-71BE-4252-A6BD-36577613218F}.AppStore|iPhoneSimulator.Build.0 = Release|Any CPU
		{9C79D672-71BE-4252-A6BD-36577613218F}.AppStore|iPhoneSimulator.Deploy.0 = Release|Any CPU
		{9C79D672-71BE-4252-A6BD-36577613218F}.AppStore|x64.ActiveCfg = Release|Any CPU
		{9C79D672-71BE-4252-A6BD-36577613218F}.AppStore|x64.Build.0 = Release|Any CPU
		{9C79D672-71BE-4252-A6BD-36577613218F}.AppStore|x64.Deploy.0 = Release|Any CPU
		{9C79D672-71BE-4252-A6BD-36577613218F}.AppStore|x86.ActiveCfg = Release|Any CPU
		{9C79D672-71BE-4252-A6BD-36577613218F}.AppStore|x86.Build.0 = Release|Any CPU
		{9C79D672-71BE-4252-A6BD-36577613218F}.AppStore|x86.Deploy.0 = Release|Any CPU
		{9C79D672-71BE-4252-A6BD-36577613218F}.Debug|Any CPU.ActiveCfg = Debug|Any CPU
		{9C79D672-71BE-4252-A6BD-36577613218F}.Debug|Any CPU.Build.0 = Debug|Any CPU
		{9C79D672-71BE-4252-A6BD-36577613218F}.Debug|Any CPU.Deploy.0 = Debug|Any CPU
		{9C79D672-71BE-4252-A6BD-36577613218F}.Debug|ARM.ActiveCfg = Debug|Any CPU
		{9C79D672-71BE-4252-A6BD-36577613218F}.Debug|ARM.Build.0 = Debug|Any CPU
		{9C79D672-71BE-4252-A6BD-36577613218F}.Debug|ARM.Deploy.0 = Debug|Any CPU
		{9C79D672-71BE-4252-A6BD-36577613218F}.Debug|iPhone.ActiveCfg = Debug|Any CPU
		{9C79D672-71BE-4252-A6BD-36577613218F}.Debug|iPhone.Build.0 = Debug|Any CPU
		{9C79D672-71BE-4252-A6BD-36577613218F}.Debug|iPhone.Deploy.0 = Debug|Any CPU
		{9C79D672-71BE-4252-A6BD-36577613218F}.Debug|iPhoneSimulator.ActiveCfg = Debug|Any CPU
		{9C79D672-71BE-4252-A6BD-36577613218F}.Debug|iPhoneSimulator.Build.0 = Debug|Any CPU
		{9C79D672-71BE-4252-A6BD-36577613218F}.Debug|iPhoneSimulator.Deploy.0 = Debug|Any CPU
		{9C79D672-71BE-4252-A6BD-36577613218F}.Debug|x64.ActiveCfg = Debug|Any CPU
		{9C79D672-71BE-4252-A6BD-36577613218F}.Debug|x64.Build.0 = Debug|Any CPU
		{9C79D672-71BE-4252-A6BD-36577613218F}.Debug|x64.Deploy.0 = Debug|Any CPU
		{9C79D672-71BE-4252-A6BD-36577613218F}.Debug|x86.ActiveCfg = Debug|Any CPU
		{9C79D672-71BE-4252-A6BD-36577613218F}.Debug|x86.Build.0 = Debug|Any CPU
		{9C79D672-71BE-4252-A6BD-36577613218F}.Debug|x86.Deploy.0 = Debug|Any CPU
		{9C79D672-71BE-4252-A6BD-36577613218F}.Release|Any CPU.ActiveCfg = Release|Any CPU
		{9C79D672-71BE-4252-A6BD-36577613218F}.Release|Any CPU.Build.0 = Release|Any CPU
		{9C79D672-71BE-4252-A6BD-36577613218F}.Release|Any CPU.Deploy.0 = Release|Any CPU
		{9C79D672-71BE-4252-A6BD-36577613218F}.Release|ARM.ActiveCfg = Release|Any CPU
		{9C79D672-71BE-4252-A6BD-36577613218F}.Release|ARM.Build.0 = Release|Any CPU
		{9C79D672-71BE-4252-A6BD-36577613218F}.Release|ARM.Deploy.0 = Release|Any CPU
		{9C79D672-71BE-4252-A6BD-36577613218F}.Release|iPhone.ActiveCfg = Release|Any CPU
		{9C79D672-71BE-4252-A6BD-36577613218F}.Release|iPhone.Build.0 = Release|Any CPU
		{9C79D672-71BE-4252-A6BD-36577613218F}.Release|iPhone.Deploy.0 = Release|Any CPU
		{9C79D672-71BE-4252-A6BD-36577613218F}.Release|iPhoneSimulator.ActiveCfg = Release|Any CPU
		{9C79D672-71BE-4252-A6BD-36577613218F}.Release|iPhoneSimulator.Build.0 = Release|Any CPU
		{9C79D672-71BE-4252-A6BD-36577613218F}.Release|iPhoneSimulator.Deploy.0 = Release|Any CPU
		{9C79D672-71BE-4252-A6BD-36577613218F}.Release|x64.ActiveCfg = Release|Any CPU
		{9C79D672-71BE-4252-A6BD-36577613218F}.Release|x64.Build.0 = Release|Any CPU
		{9C79D672-71BE-4252-A6BD-36577613218F}.Release|x64.Deploy.0 = Release|Any CPU
		{9C79D672-71BE-4252-A6BD-36577613218F}.Release|x86.ActiveCfg = Release|Any CPU
		{9C79D672-71BE-4252-A6BD-36577613218F}.Release|x86.Build.0 = Release|Any CPU
		{9C79D672-71BE-4252-A6BD-36577613218F}.Release|x86.Deploy.0 = Release|Any CPU
		{91CCDCEE-A59A-4E3F-B95F-3C167DE40427}.Ad-Hoc|Any CPU.ActiveCfg = Release|Any CPU
		{91CCDCEE-A59A-4E3F-B95F-3C167DE40427}.Ad-Hoc|Any CPU.Build.0 = Release|Any CPU
		{91CCDCEE-A59A-4E3F-B95F-3C167DE40427}.Ad-Hoc|ARM.ActiveCfg = Release|Any CPU
		{91CCDCEE-A59A-4E3F-B95F-3C167DE40427}.Ad-Hoc|ARM.Build.0 = Release|Any CPU
		{91CCDCEE-A59A-4E3F-B95F-3C167DE40427}.Ad-Hoc|iPhone.ActiveCfg = Release|Any CPU
		{91CCDCEE-A59A-4E3F-B95F-3C167DE40427}.Ad-Hoc|iPhone.Build.0 = Release|Any CPU
		{91CCDCEE-A59A-4E3F-B95F-3C167DE40427}.Ad-Hoc|iPhoneSimulator.ActiveCfg = Release|Any CPU
		{91CCDCEE-A59A-4E3F-B95F-3C167DE40427}.Ad-Hoc|iPhoneSimulator.Build.0 = Release|Any CPU
		{91CCDCEE-A59A-4E3F-B95F-3C167DE40427}.Ad-Hoc|x64.ActiveCfg = Release|Any CPU
		{91CCDCEE-A59A-4E3F-B95F-3C167DE40427}.Ad-Hoc|x64.Build.0 = Release|Any CPU
		{91CCDCEE-A59A-4E3F-B95F-3C167DE40427}.Ad-Hoc|x86.ActiveCfg = Release|Any CPU
		{91CCDCEE-A59A-4E3F-B95F-3C167DE40427}.Ad-Hoc|x86.Build.0 = Release|Any CPU
		{91CCDCEE-A59A-4E3F-B95F-3C167DE40427}.AppStore|Any CPU.ActiveCfg = Release|Any CPU
		{91CCDCEE-A59A-4E3F-B95F-3C167DE40427}.AppStore|Any CPU.Build.0 = Release|Any CPU
		{91CCDCEE-A59A-4E3F-B95F-3C167DE40427}.AppStore|ARM.ActiveCfg = Release|Any CPU
		{91CCDCEE-A59A-4E3F-B95F-3C167DE40427}.AppStore|ARM.Build.0 = Release|Any CPU
		{91CCDCEE-A59A-4E3F-B95F-3C167DE40427}.AppStore|iPhone.ActiveCfg = Release|Any CPU
		{91CCDCEE-A59A-4E3F-B95F-3C167DE40427}.AppStore|iPhone.Build.0 = Release|Any CPU
		{91CCDCEE-A59A-4E3F-B95F-3C167DE40427}.AppStore|iPhoneSimulator.ActiveCfg = Release|Any CPU
		{91CCDCEE-A59A-4E3F-B95F-3C167DE40427}.AppStore|iPhoneSimulator.Build.0 = Release|Any CPU
		{91CCDCEE-A59A-4E3F-B95F-3C167DE40427}.AppStore|x64.ActiveCfg = Release|Any CPU
		{91CCDCEE-A59A-4E3F-B95F-3C167DE40427}.AppStore|x64.Build.0 = Release|Any CPU
		{91CCDCEE-A59A-4E3F-B95F-3C167DE40427}.AppStore|x86.ActiveCfg = Release|Any CPU
		{91CCDCEE-A59A-4E3F-B95F-3C167DE40427}.AppStore|x86.Build.0 = Release|Any CPU
		{91CCDCEE-A59A-4E3F-B95F-3C167DE40427}.Debug|Any CPU.ActiveCfg = Debug|Any CPU
		{91CCDCEE-A59A-4E3F-B95F-3C167DE40427}.Debug|Any CPU.Build.0 = Debug|Any CPU
		{91CCDCEE-A59A-4E3F-B95F-3C167DE40427}.Debug|ARM.ActiveCfg = Debug|Any CPU
		{91CCDCEE-A59A-4E3F-B95F-3C167DE40427}.Debug|ARM.Build.0 = Debug|Any CPU
		{91CCDCEE-A59A-4E3F-B95F-3C167DE40427}.Debug|iPhone.ActiveCfg = Debug|Any CPU
		{91CCDCEE-A59A-4E3F-B95F-3C167DE40427}.Debug|iPhone.Build.0 = Debug|Any CPU
		{91CCDCEE-A59A-4E3F-B95F-3C167DE40427}.Debug|iPhoneSimulator.ActiveCfg = Debug|Any CPU
		{91CCDCEE-A59A-4E3F-B95F-3C167DE40427}.Debug|iPhoneSimulator.Build.0 = Debug|Any CPU
		{91CCDCEE-A59A-4E3F-B95F-3C167DE40427}.Debug|x64.ActiveCfg = Debug|Any CPU
		{91CCDCEE-A59A-4E3F-B95F-3C167DE40427}.Debug|x64.Build.0 = Debug|Any CPU
		{91CCDCEE-A59A-4E3F-B95F-3C167DE40427}.Debug|x86.ActiveCfg = Debug|Any CPU
		{91CCDCEE-A59A-4E3F-B95F-3C167DE40427}.Debug|x86.Build.0 = Debug|Any CPU
		{91CCDCEE-A59A-4E3F-B95F-3C167DE40427}.Release|Any CPU.ActiveCfg = Release|Any CPU
		{91CCDCEE-A59A-4E3F-B95F-3C167DE40427}.Release|Any CPU.Build.0 = Release|Any CPU
		{91CCDCEE-A59A-4E3F-B95F-3C167DE40427}.Release|ARM.ActiveCfg = Release|Any CPU
		{91CCDCEE-A59A-4E3F-B95F-3C167DE40427}.Release|ARM.Build.0 = Release|Any CPU
		{91CCDCEE-A59A-4E3F-B95F-3C167DE40427}.Release|iPhone.ActiveCfg = Release|Any CPU
		{91CCDCEE-A59A-4E3F-B95F-3C167DE40427}.Release|iPhone.Build.0 = Release|Any CPU
		{91CCDCEE-A59A-4E3F-B95F-3C167DE40427}.Release|iPhoneSimulator.ActiveCfg = Release|Any CPU
		{91CCDCEE-A59A-4E3F-B95F-3C167DE40427}.Release|iPhoneSimulator.Build.0 = Release|Any CPU
		{91CCDCEE-A59A-4E3F-B95F-3C167DE40427}.Release|x64.ActiveCfg = Release|Any CPU
		{91CCDCEE-A59A-4E3F-B95F-3C167DE40427}.Release|x64.Build.0 = Release|Any CPU
		{91CCDCEE-A59A-4E3F-B95F-3C167DE40427}.Release|x86.ActiveCfg = Release|Any CPU
		{91CCDCEE-A59A-4E3F-B95F-3C167DE40427}.Release|x86.Build.0 = Release|Any CPU
		{6784052F-B32E-4EAC-BA59-25FECD74BBB3}.Ad-Hoc|Any CPU.ActiveCfg = Release|x86
		{6784052F-B32E-4EAC-BA59-25FECD74BBB3}.Ad-Hoc|Any CPU.Build.0 = Release|x86
		{6784052F-B32E-4EAC-BA59-25FECD74BBB3}.Ad-Hoc|Any CPU.Deploy.0 = Release|x86
		{6784052F-B32E-4EAC-BA59-25FECD74BBB3}.Ad-Hoc|ARM.ActiveCfg = Release|ARM
		{6784052F-B32E-4EAC-BA59-25FECD74BBB3}.Ad-Hoc|ARM.Build.0 = Release|ARM
		{6784052F-B32E-4EAC-BA59-25FECD74BBB3}.Ad-Hoc|ARM.Deploy.0 = Release|ARM
		{6784052F-B32E-4EAC-BA59-25FECD74BBB3}.Ad-Hoc|iPhone.ActiveCfg = Release|x86
		{6784052F-B32E-4EAC-BA59-25FECD74BBB3}.Ad-Hoc|iPhone.Build.0 = Release|x86
		{6784052F-B32E-4EAC-BA59-25FECD74BBB3}.Ad-Hoc|iPhone.Deploy.0 = Release|x86
		{6784052F-B32E-4EAC-BA59-25FECD74BBB3}.Ad-Hoc|iPhoneSimulator.ActiveCfg = Release|x86
		{6784052F-B32E-4EAC-BA59-25FECD74BBB3}.Ad-Hoc|iPhoneSimulator.Build.0 = Release|x86
		{6784052F-B32E-4EAC-BA59-25FECD74BBB3}.Ad-Hoc|iPhoneSimulator.Deploy.0 = Release|x86
		{6784052F-B32E-4EAC-BA59-25FECD74BBB3}.Ad-Hoc|x64.ActiveCfg = Release|x64
		{6784052F-B32E-4EAC-BA59-25FECD74BBB3}.Ad-Hoc|x64.Build.0 = Release|x64
		{6784052F-B32E-4EAC-BA59-25FECD74BBB3}.Ad-Hoc|x64.Deploy.0 = Release|x64
		{6784052F-B32E-4EAC-BA59-25FECD74BBB3}.Ad-Hoc|x86.ActiveCfg = Release|x86
		{6784052F-B32E-4EAC-BA59-25FECD74BBB3}.Ad-Hoc|x86.Build.0 = Release|x86
		{6784052F-B32E-4EAC-BA59-25FECD74BBB3}.Ad-Hoc|x86.Deploy.0 = Release|x86
		{6784052F-B32E-4EAC-BA59-25FECD74BBB3}.AppStore|Any CPU.ActiveCfg = Release|x86
		{6784052F-B32E-4EAC-BA59-25FECD74BBB3}.AppStore|Any CPU.Build.0 = Release|x86
		{6784052F-B32E-4EAC-BA59-25FECD74BBB3}.AppStore|Any CPU.Deploy.0 = Release|x86
		{6784052F-B32E-4EAC-BA59-25FECD74BBB3}.AppStore|ARM.ActiveCfg = Release|ARM
		{6784052F-B32E-4EAC-BA59-25FECD74BBB3}.AppStore|ARM.Build.0 = Release|ARM
		{6784052F-B32E-4EAC-BA59-25FECD74BBB3}.AppStore|ARM.Deploy.0 = Release|ARM
		{6784052F-B32E-4EAC-BA59-25FECD74BBB3}.AppStore|iPhone.ActiveCfg = Release|x86
		{6784052F-B32E-4EAC-BA59-25FECD74BBB3}.AppStore|iPhone.Build.0 = Release|x86
		{6784052F-B32E-4EAC-BA59-25FECD74BBB3}.AppStore|iPhone.Deploy.0 = Release|x86
		{6784052F-B32E-4EAC-BA59-25FECD74BBB3}.AppStore|iPhoneSimulator.ActiveCfg = Release|x86
		{6784052F-B32E-4EAC-BA59-25FECD74BBB3}.AppStore|iPhoneSimulator.Build.0 = Release|x86
		{6784052F-B32E-4EAC-BA59-25FECD74BBB3}.AppStore|iPhoneSimulator.Deploy.0 = Release|x86
		{6784052F-B32E-4EAC-BA59-25FECD74BBB3}.AppStore|x64.ActiveCfg = Release|x64
		{6784052F-B32E-4EAC-BA59-25FECD74BBB3}.AppStore|x64.Build.0 = Release|x64
		{6784052F-B32E-4EAC-BA59-25FECD74BBB3}.AppStore|x64.Deploy.0 = Release|x64
		{6784052F-B32E-4EAC-BA59-25FECD74BBB3}.AppStore|x86.ActiveCfg = Release|x86
		{6784052F-B32E-4EAC-BA59-25FECD74BBB3}.AppStore|x86.Build.0 = Release|x86
		{6784052F-B32E-4EAC-BA59-25FECD74BBB3}.AppStore|x86.Deploy.0 = Release|x86
		{6784052F-B32E-4EAC-BA59-25FECD74BBB3}.Debug|Any CPU.ActiveCfg = Debug|x86
		{6784052F-B32E-4EAC-BA59-25FECD74BBB3}.Debug|ARM.ActiveCfg = Debug|ARM
		{6784052F-B32E-4EAC-BA59-25FECD74BBB3}.Debug|ARM.Build.0 = Debug|ARM
		{6784052F-B32E-4EAC-BA59-25FECD74BBB3}.Debug|ARM.Deploy.0 = Debug|ARM
		{6784052F-B32E-4EAC-BA59-25FECD74BBB3}.Debug|iPhone.ActiveCfg = Debug|x86
		{6784052F-B32E-4EAC-BA59-25FECD74BBB3}.Debug|iPhoneSimulator.ActiveCfg = Debug|x86
		{6784052F-B32E-4EAC-BA59-25FECD74BBB3}.Debug|x64.ActiveCfg = Debug|x64
		{6784052F-B32E-4EAC-BA59-25FECD74BBB3}.Debug|x64.Build.0 = Debug|x64
		{6784052F-B32E-4EAC-BA59-25FECD74BBB3}.Debug|x64.Deploy.0 = Debug|x64
		{6784052F-B32E-4EAC-BA59-25FECD74BBB3}.Debug|x86.ActiveCfg = Debug|x86
		{6784052F-B32E-4EAC-BA59-25FECD74BBB3}.Debug|x86.Build.0 = Debug|x86
		{6784052F-B32E-4EAC-BA59-25FECD74BBB3}.Debug|x86.Deploy.0 = Debug|x86
		{6784052F-B32E-4EAC-BA59-25FECD74BBB3}.Release|Any CPU.ActiveCfg = Release|x86
		{6784052F-B32E-4EAC-BA59-25FECD74BBB3}.Release|ARM.ActiveCfg = Release|ARM
		{6784052F-B32E-4EAC-BA59-25FECD74BBB3}.Release|ARM.Build.0 = Release|ARM
		{6784052F-B32E-4EAC-BA59-25FECD74BBB3}.Release|ARM.Deploy.0 = Release|ARM
		{6784052F-B32E-4EAC-BA59-25FECD74BBB3}.Release|iPhone.ActiveCfg = Release|x86
		{6784052F-B32E-4EAC-BA59-25FECD74BBB3}.Release|iPhoneSimulator.ActiveCfg = Release|x86
		{6784052F-B32E-4EAC-BA59-25FECD74BBB3}.Release|x64.ActiveCfg = Release|x64
		{6784052F-B32E-4EAC-BA59-25FECD74BBB3}.Release|x64.Build.0 = Release|x64
		{6784052F-B32E-4EAC-BA59-25FECD74BBB3}.Release|x64.Deploy.0 = Release|x64
		{6784052F-B32E-4EAC-BA59-25FECD74BBB3}.Release|x86.ActiveCfg = Release|x86
		{6784052F-B32E-4EAC-BA59-25FECD74BBB3}.Release|x86.Build.0 = Release|x86
		{6784052F-B32E-4EAC-BA59-25FECD74BBB3}.Release|x86.Deploy.0 = Release|x86
		{47728201-A6C0-4871-BCEB-32F6BBA1D2DC}.Ad-Hoc|Any CPU.ActiveCfg = Ad-Hoc|iPhoneSimulator
		{47728201-A6C0-4871-BCEB-32F6BBA1D2DC}.Ad-Hoc|ARM.ActiveCfg = Ad-Hoc|iPhone
		{47728201-A6C0-4871-BCEB-32F6BBA1D2DC}.Ad-Hoc|iPhone.ActiveCfg = Ad-Hoc|iPhone
		{47728201-A6C0-4871-BCEB-32F6BBA1D2DC}.Ad-Hoc|iPhone.Build.0 = Ad-Hoc|iPhone
		{47728201-A6C0-4871-BCEB-32F6BBA1D2DC}.Ad-Hoc|iPhoneSimulator.ActiveCfg = Ad-Hoc|iPhoneSimulator
		{47728201-A6C0-4871-BCEB-32F6BBA1D2DC}.Ad-Hoc|iPhoneSimulator.Build.0 = Ad-Hoc|iPhoneSimulator
		{47728201-A6C0-4871-BCEB-32F6BBA1D2DC}.Ad-Hoc|x64.ActiveCfg = Ad-Hoc|iPhone
		{47728201-A6C0-4871-BCEB-32F6BBA1D2DC}.Ad-Hoc|x86.ActiveCfg = Ad-Hoc|iPhone
		{47728201-A6C0-4871-BCEB-32F6BBA1D2DC}.AppStore|Any CPU.ActiveCfg = AppStore|iPhoneSimulator
		{47728201-A6C0-4871-BCEB-32F6BBA1D2DC}.AppStore|ARM.ActiveCfg = AppStore|iPhone
		{47728201-A6C0-4871-BCEB-32F6BBA1D2DC}.AppStore|iPhone.ActiveCfg = AppStore|iPhone
		{47728201-A6C0-4871-BCEB-32F6BBA1D2DC}.AppStore|iPhone.Build.0 = AppStore|iPhone
		{47728201-A6C0-4871-BCEB-32F6BBA1D2DC}.AppStore|iPhoneSimulator.ActiveCfg = AppStore|iPhoneSimulator
		{47728201-A6C0-4871-BCEB-32F6BBA1D2DC}.AppStore|iPhoneSimulator.Build.0 = AppStore|iPhoneSimulator
		{47728201-A6C0-4871-BCEB-32F6BBA1D2DC}.AppStore|x64.ActiveCfg = AppStore|iPhone
		{47728201-A6C0-4871-BCEB-32F6BBA1D2DC}.AppStore|x86.ActiveCfg = AppStore|iPhone
		{47728201-A6C0-4871-BCEB-32F6BBA1D2DC}.Debug|Any CPU.ActiveCfg = Debug|iPhoneSimulator
		{47728201-A6C0-4871-BCEB-32F6BBA1D2DC}.Debug|ARM.ActiveCfg = Debug|iPhone
		{47728201-A6C0-4871-BCEB-32F6BBA1D2DC}.Debug|iPhone.ActiveCfg = Debug|iPhone
		{47728201-A6C0-4871-BCEB-32F6BBA1D2DC}.Debug|iPhone.Build.0 = Debug|iPhone
		{47728201-A6C0-4871-BCEB-32F6BBA1D2DC}.Debug|iPhoneSimulator.ActiveCfg = Debug|iPhoneSimulator
		{47728201-A6C0-4871-BCEB-32F6BBA1D2DC}.Debug|iPhoneSimulator.Build.0 = Debug|iPhoneSimulator
		{47728201-A6C0-4871-BCEB-32F6BBA1D2DC}.Debug|x64.ActiveCfg = Debug|iPhone
		{47728201-A6C0-4871-BCEB-32F6BBA1D2DC}.Debug|x86.ActiveCfg = Debug|iPhone
		{47728201-A6C0-4871-BCEB-32F6BBA1D2DC}.Release|Any CPU.ActiveCfg = Release|iPhoneSimulator
		{47728201-A6C0-4871-BCEB-32F6BBA1D2DC}.Release|ARM.ActiveCfg = Release|iPhone
		{47728201-A6C0-4871-BCEB-32F6BBA1D2DC}.Release|iPhone.ActiveCfg = Release|iPhone
		{47728201-A6C0-4871-BCEB-32F6BBA1D2DC}.Release|iPhone.Build.0 = Release|iPhone
		{47728201-A6C0-4871-BCEB-32F6BBA1D2DC}.Release|iPhoneSimulator.ActiveCfg = Release|iPhoneSimulator
		{47728201-A6C0-4871-BCEB-32F6BBA1D2DC}.Release|iPhoneSimulator.Build.0 = Release|iPhoneSimulator
		{47728201-A6C0-4871-BCEB-32F6BBA1D2DC}.Release|x64.ActiveCfg = Release|iPhone
		{47728201-A6C0-4871-BCEB-32F6BBA1D2DC}.Release|x86.ActiveCfg = Release|iPhone
	EndGlobalSection
	GlobalSection(SolutionProperties) = preSolution
		HideSolutionNode = FALSE
	EndGlobalSection
	GlobalSection(ExtensibilityGlobals) = postSolution
		SolutionGuid = {6DB5F30D-41F5-4557-A143-D254A60B7816}
	EndGlobalSection
EndGlobal
